{
  "name": "repls",
  "version": "1.0.0",
  "lockfileVersion": 3,
  "requires": true,
  "packages": {
    "": {
      "name": "repls",
      "version": "1.0.0",
      "license": "ISC",
      "dependencies": {
        "@accordproject/concerto-codegen": "^3.22.1",
        "@accordproject/concerto-core": "^3.17.1",
        "@accordproject/concerto-cto": "^3.17.1",
        "@accordproject/concerto-vocabulary": "^3.17.1"
      }
    },
    "node_modules/@accordproject/concerto-codegen": {
      "version": "3.22.1",
      "resolved": "https://registry.npmjs.org/@accordproject/concerto-codegen/-/concerto-codegen-3.22.1.tgz",
      "integrity": "sha512-42UYv9mDBr/IvzMz8uPU89IfHZE6og0Z/UWE4K39q4UJAqjuoLnQBUSKsokzaS5jGqMOT2/pMriNfP/zjYSFnA==",
      "dependencies": {
        "@accordproject/concerto-core": "3.16.5",
        "@accordproject/concerto-util": "3.16.5",
        "@accordproject/concerto-vocabulary": "3.16.5",
        "@openapi-contrib/openapi-schema-to-json-schema": "3.2.0",
        "ajv": "8.10.0",
        "ajv-formats": "2.1.1",
        "camelcase": "6.3.0",
        "debug": "4.3.1",
        "get-value": "3.0.1",
        "json-schema-migrate": "2.0.0",
        "pluralize": "8.0.0"
      },
      "engines": {
        "node": ">=14",
        "npm": ">=6"
      }
    },
    "node_modules/@accordproject/concerto-codegen/node_modules/@accordproject/concerto-core": {
      "version": "3.16.5",
      "resolved": "https://registry.npmjs.org/@accordproject/concerto-core/-/concerto-core-3.16.5.tgz",
      "integrity": "sha512-GCYo4MBS+WScKd1PF3vniSR5I9yNJpRHyH+UPsFSH8t4zQDwR+yAdxpR7s19h6k088tG+NAyOXQu91t1rlQapQ==",
      "dependencies": {
        "@accordproject/concerto-cto": "3.16.5",
        "@accordproject/concerto-metamodel": "3.9.1",
        "@accordproject/concerto-util": "3.16.5",
        "dayjs": "1.11.10",
        "debug": "4.3.4",
        "lorem-ipsum": "2.0.8",
        "randexp": "0.5.3",
        "semver": "7.5.4",
        "slash": "3.0.0",
        "urijs": "1.19.11",
        "uuid": "9.0.1"
      },
      "engines": {
        "node": ">=16",
        "npm": ">=8"
      }
    },
    "node_modules/@accordproject/concerto-codegen/node_modules/@accordproject/concerto-core/node_modules/debug": {
      "version": "4.3.4",
      "resolved": "https://registry.npmjs.org/debug/-/debug-4.3.4.tgz",
      "integrity": "sha512-PRWFHuSU3eDtQJPvnNY7Jcket1j0t5OuOsFzPPzsekD52Zl8qUfFIPEiswXqIvHWGVHOgX+7G/vCNNhehwxfkQ==",
      "dependencies": {
        "ms": "2.1.2"
      },
      "engines": {
        "node": ">=6.0"
      },
      "peerDependenciesMeta": {
        "supports-color": {
          "optional": true
        }
      }
    },
    "node_modules/@accordproject/concerto-codegen/node_modules/@accordproject/concerto-cto": {
      "version": "3.16.5",
      "resolved": "https://registry.npmjs.org/@accordproject/concerto-cto/-/concerto-cto-3.16.5.tgz",
      "integrity": "sha512-Q/7/EFPiF3N/dDassuZP/uV0U/rWrGlweGH2h+k0U5zURngzViNp3hBsBv+jnKEdRTJfwKvqihR2iWLgNkGixw==",
      "dependencies": {
        "@accordproject/concerto-metamodel": "3.9.1",
        "@accordproject/concerto-util": "3.16.5",
        "path-browserify": "1.0.1"
      },
      "engines": {
        "node": ">=16",
        "npm": ">=8"
      }
    },
    "node_modules/@accordproject/concerto-codegen/node_modules/@accordproject/concerto-metamodel": {
      "version": "3.9.1",
      "resolved": "https://registry.npmjs.org/@accordproject/concerto-metamodel/-/concerto-metamodel-3.9.1.tgz",
      "integrity": "sha512-5fIZlkdTG7c+WiVwEYnyWOKaozi8blJNTHMdATyCHAPaM+UqVeIayA/ScUM70SJie1ngtCYg5S+kepUpl7pT8Q==",
      "dependencies": {
        "@accordproject/concerto-util": "3.16.1",
        "@types/node": "20.7.0"
      },
      "engines": {
        "node": ">=14",
        "npm": ">=6"
      }
    },
    "node_modules/@accordproject/concerto-codegen/node_modules/@accordproject/concerto-metamodel/node_modules/@accordproject/concerto-util": {
      "version": "3.16.1",
      "resolved": "https://registry.npmjs.org/@accordproject/concerto-util/-/concerto-util-3.16.1.tgz",
      "integrity": "sha512-O/KVcepU2z4GHjS73uWT2BE1ED9OZK1H5iD37gHqzJ6Lq55t5vekyMtqTdoadihgPeKYuamOUYBFes1rdUS3vQ==",
      "dependencies": {
        "@supercharge/promise-pool": "1.7.0",
        "axios": "1.6.0",
        "colors": "1.4.0",
        "debug": "4.3.4",
        "json-colorizer": "2.2.2",
        "slash": "3.0.0"
      },
      "engines": {
        "node": ">=16",
        "npm": ">=8"
      }
    },
    "node_modules/@accordproject/concerto-codegen/node_modules/@accordproject/concerto-metamodel/node_modules/debug": {
      "version": "4.3.4",
      "resolved": "https://registry.npmjs.org/debug/-/debug-4.3.4.tgz",
      "integrity": "sha512-PRWFHuSU3eDtQJPvnNY7Jcket1j0t5OuOsFzPPzsekD52Zl8qUfFIPEiswXqIvHWGVHOgX+7G/vCNNhehwxfkQ==",
      "dependencies": {
        "ms": "2.1.2"
      },
      "engines": {
        "node": ">=6.0"
      },
      "peerDependenciesMeta": {
        "supports-color": {
          "optional": true
        }
      }
    },
    "node_modules/@accordproject/concerto-codegen/node_modules/@accordproject/concerto-util": {
      "version": "3.16.5",
      "resolved": "https://registry.npmjs.org/@accordproject/concerto-util/-/concerto-util-3.16.5.tgz",
      "integrity": "sha512-RDvdTs2RfSrtKf6Wh0TFGY1JvnvCUoLpVPYlqzwiliPVOFpO6PC52seXXuqhEWWGYQz2tiz1gqPuSOLkjVhXhg==",
      "dependencies": {
        "@supercharge/promise-pool": "1.7.0",
        "axios": "1.6.0",
        "colors": "1.4.0",
        "debug": "4.3.4",
        "json-colorizer": "2.2.2",
        "slash": "3.0.0"
      },
      "engines": {
        "node": ">=16",
        "npm": ">=8"
      }
    },
    "node_modules/@accordproject/concerto-codegen/node_modules/@accordproject/concerto-util/node_modules/debug": {
      "version": "4.3.4",
      "resolved": "https://registry.npmjs.org/debug/-/debug-4.3.4.tgz",
      "integrity": "sha512-PRWFHuSU3eDtQJPvnNY7Jcket1j0t5OuOsFzPPzsekD52Zl8qUfFIPEiswXqIvHWGVHOgX+7G/vCNNhehwxfkQ==",
      "dependencies": {
        "ms": "2.1.2"
      },
      "engines": {
        "node": ">=6.0"
      },
      "peerDependenciesMeta": {
        "supports-color": {
          "optional": true
        }
      }
    },
    "node_modules/@accordproject/concerto-codegen/node_modules/@accordproject/concerto-vocabulary": {
      "version": "3.16.5",
      "resolved": "https://registry.npmjs.org/@accordproject/concerto-vocabulary/-/concerto-vocabulary-3.16.5.tgz",
      "integrity": "sha512-x86dprgbYcxu70Lu9M2cvWfpk8Q5hypXiBK8mop8qe85JGG+dMbPL3pIBtW4T3NJnBfXb6hiLm6WK5EQ8fUmQg==",
      "dependencies": {
        "@accordproject/concerto-metamodel": "3.9.1",
        "yaml": "2.2.2"
      },
      "engines": {
        "node": ">=16",
        "npm": ">=8"
      }
    },
    "node_modules/@accordproject/concerto-codegen/node_modules/axios": {
      "version": "1.6.0",
      "resolved": "https://registry.npmjs.org/axios/-/axios-1.6.0.tgz",
      "integrity": "sha512-EZ1DYihju9pwVB+jg67ogm+Tmqc6JmhamRN6I4Zt8DfZu5lbcQGw3ozH9lFejSJgs/ibaef3A9PMXPLeefFGJg==",
      "dependencies": {
        "follow-redirects": "^1.15.0",
        "form-data": "^4.0.0",
        "proxy-from-env": "^1.1.0"
      }
    },
    "node_modules/@accordproject/concerto-codegen/node_modules/debug": {
      "version": "4.3.1",
      "resolved": "https://registry.npmjs.org/debug/-/debug-4.3.1.tgz",
      "integrity": "sha512-doEwdvm4PCeK4K3RQN2ZC2BYUBaxwLARCqZmMjtF8a51J2Rb0xpVloFRnCODwqjpwnAoao4pelN8l3RJdv3gRQ==",
      "dependencies": {
        "ms": "2.1.2"
      },
      "engines": {
        "node": ">=6.0"
      },
      "peerDependenciesMeta": {
        "supports-color": {
          "optional": true
        }
      }
    },
    "node_modules/@accordproject/concerto-core": {
      "version": "3.17.1",
      "resolved": "https://registry.npmjs.org/@accordproject/concerto-core/-/concerto-core-3.17.1.tgz",
      "integrity": "sha512-pXyEruz0apLqXFBIv+0VFpFJitThW4pfVAM5VPvNrC87oQhsI7RyWar4MZ9b2QAJAdHugTTDbhEk5csj30iBqQ==",
      "dependencies": {
        "@accordproject/concerto-cto": "3.17.1",
        "@accordproject/concerto-metamodel": "3.10.0",
        "@accordproject/concerto-util": "3.17.1",
        "dayjs": "1.11.10",
        "debug": "4.3.4",
        "lorem-ipsum": "2.0.8",
        "randexp": "0.5.3",
        "semver": "7.5.4",
        "slash": "3.0.0",
        "urijs": "1.19.11",
        "uuid": "9.0.1"
      },
      "engines": {
        "node": ">=16",
        "npm": ">=8"
      }
    },
    "node_modules/@accordproject/concerto-cto": {
      "version": "3.17.1",
      "resolved": "https://registry.npmjs.org/@accordproject/concerto-cto/-/concerto-cto-3.17.1.tgz",
      "integrity": "sha512-S3BqD3qFBEbiI0P6i1FI8Lp6OfZ1Y5V94mYvHQxv6lMi+jpBkMetznyWHeAbeARmaBudxAoYG/6lHKsspnowMA==",
      "dependencies": {
        "@accordproject/concerto-metamodel": "3.10.0",
        "@accordproject/concerto-util": "3.17.1",
        "path-browserify": "1.0.1"
      },
      "engines": {
        "node": ">=16",
        "npm": ">=8"
      }
    },
    "node_modules/@accordproject/concerto-metamodel": {
      "version": "3.10.0",
      "resolved": "https://registry.npmjs.org/@accordproject/concerto-metamodel/-/concerto-metamodel-3.10.0.tgz",
      "integrity": "sha512-xgBLwQGAHYeswIK3DlpvquT1NpTii9ETGQLqG4wpN3Ez/m8ymZXpTMFwS+pPu+pKDlX+T4+cZacewX60IecHmw==",
      "dependencies": {
        "@accordproject/concerto-util": "3.16.9",
        "@types/node": "20.7.0"
      },
      "engines": {
        "node": ">=14",
        "npm": ">=6"
      }
    },
    "node_modules/@accordproject/concerto-metamodel/node_modules/@accordproject/concerto-util": {
      "version": "3.16.9",
      "resolved": "https://registry.npmjs.org/@accordproject/concerto-util/-/concerto-util-3.16.9.tgz",
      "integrity": "sha512-Q62s7a0zMCZMbOIybe20mnauB5+oqkwEeKlsrvg2QrkK0q3o7XvWkr3Zot2AncSwkQC3U6+rfuGiBvdyJNJ7Hw==",
      "dependencies": {
        "@supercharge/promise-pool": "1.7.0",
        "axios": "1.6.8",
        "colors": "1.4.0",
        "debug": "4.3.4",
        "json-colorizer": "2.2.2",
        "slash": "3.0.0"
      },
      "engines": {
        "node": ">=16",
        "npm": ">=8"
      }
    },
    "node_modules/@accordproject/concerto-util": {
      "version": "3.17.1",
      "resolved": "https://registry.npmjs.org/@accordproject/concerto-util/-/concerto-util-3.17.1.tgz",
      "integrity": "sha512-T2zpfosS4S5j1D7Cf8realZC5qTA6gUHgQ8F+/5kjTrHILrUltLM+zxNtkuurTJZBUua5svBM3MRLFhhQCKPgA==",
      "dependencies": {
        "@supercharge/promise-pool": "1.7.0",
        "axios": "1.6.8",
        "colors": "1.4.0",
        "debug": "4.3.4",
        "json-colorizer": "2.2.2",
        "slash": "3.0.0"
      },
      "engines": {
        "node": ">=16",
        "npm": ">=8"
      }
    },
    "node_modules/@accordproject/concerto-vocabulary": {
      "version": "3.17.1",
      "resolved": "https://registry.npmjs.org/@accordproject/concerto-vocabulary/-/concerto-vocabulary-3.17.1.tgz",
      "integrity": "sha512-OdBO1+gczZq4LM5VyLfHb2AROhNmoEaOdzw+nsqF5kqy3+qpnrwbaG5F+l82ESO15ZCA4m7HggfY3SI5/hwHrQ==",
      "dependencies": {
        "@accordproject/concerto-metamodel": "3.10.0",
        "yaml": "2.2.2"
      },
      "engines": {
        "node": ">=16",
        "npm": ">=8"
      }
    },
    "node_modules/@openapi-contrib/openapi-schema-to-json-schema": {
      "version": "3.2.0",
      "resolved": "https://registry.npmjs.org/@openapi-contrib/openapi-schema-to-json-schema/-/openapi-schema-to-json-schema-3.2.0.tgz",
      "integrity": "sha512-Gj6C0JwCr8arj0sYuslWXUBSP/KnUlEGnPW4qxlXvAl543oaNQgMgIgkQUA6vs5BCCvwTEiL8m/wdWzfl4UvSw==",
      "dependencies": {
        "fast-deep-equal": "^3.1.3"
      }
    },
    "node_modules/@supercharge/promise-pool": {
      "version": "1.7.0",
      "resolved": "https://registry.npmjs.org/@supercharge/promise-pool/-/promise-pool-1.7.0.tgz",
      "integrity": "sha512-OpnF7oqk6asrOUMhldnDju4RKeZ/iMAfw3LIoLdcTI53RZJLiQ9vEAcGW+bcBELXkiPhT7RqtuPSXAFF2iAmbg==",
      "engines": {
        "node": ">=8"
      }
    },
    "node_modules/@types/node": {
      "version": "20.7.0",
      "resolved": "https://registry.npmjs.org/@types/node/-/node-20.7.0.tgz",
      "integrity": "sha512-zI22/pJW2wUZOVyguFaUL1HABdmSVxpXrzIqkjsHmyUjNhPoWM1CKfvVuXfetHhIok4RY573cqS0mZ1SJEnoTg=="
    },
    "node_modules/ajv": {
      "version": "8.10.0",
      "resolved": "https://registry.npmjs.org/ajv/-/ajv-8.10.0.tgz",
      "integrity": "sha512-bzqAEZOjkrUMl2afH8dknrq5KEk2SrwdBROR+vH1EKVQTqaUbJVPdc/gEdggTMM0Se+s+Ja4ju4TlNcStKl2Hw==",
      "dependencies": {
        "fast-deep-equal": "^3.1.1",
        "json-schema-traverse": "^1.0.0",
        "require-from-string": "^2.0.2",
        "uri-js": "^4.2.2"
      },
      "funding": {
        "type": "github",
        "url": "https://github.com/sponsors/epoberezkin"
      }
    },
    "node_modules/ajv-formats": {
      "version": "2.1.1",
      "resolved": "https://registry.npmjs.org/ajv-formats/-/ajv-formats-2.1.1.tgz",
      "integrity": "sha512-Wx0Kx52hxE7C18hkMEggYlEifqWZtYaRgouJor+WMdPnQyEK13vgEWyVNup7SoeeoLMsr4kf5h6dOW11I15MUA==",
      "dependencies": {
        "ajv": "^8.0.0"
      },
      "peerDependencies": {
        "ajv": "^8.0.0"
      },
      "peerDependenciesMeta": {
        "ajv": {
          "optional": true
        }
      }
    },
    "node_modules/ansi-styles": {
      "version": "3.2.1",
      "resolved": "https://registry.npmjs.org/ansi-styles/-/ansi-styles-3.2.1.tgz",
      "integrity": "sha512-VT0ZI6kZRdTh8YyJw3SMbYm/u+NqfsAxEpWO0Pf9sq8/e94WxxOpPKx9FR1FlyCtOVDNOQ+8ntlqFxiRc+r5qA==",
      "dependencies": {
        "color-convert": "^1.9.0"
      },
      "engines": {
        "node": ">=4"
      }
    },
    "node_modules/asynckit": {
      "version": "0.4.0",
      "resolved": "https://registry.npmjs.org/asynckit/-/asynckit-0.4.0.tgz",
      "integrity": "sha512-Oei9OH4tRh0YqU3GxhX79dM/mwVgvbZJaSNaRk+bshkj0S5cfHcgYakreBjrHwatXKbz+IoIdYLxrKim2MjW0Q=="
    },
    "node_modules/axios": {
      "version": "1.6.8",
      "resolved": "https://registry.npmjs.org/axios/-/axios-1.6.8.tgz",
      "integrity": "sha512-v/ZHtJDU39mDpyBoFVkETcd/uNdxrWRrg3bKpOKzXFA6Bvqopts6ALSMU3y6ijYxbw2B+wPrIv46egTzJXCLGQ==",
      "dependencies": {
        "follow-redirects": "^1.15.6",
        "form-data": "^4.0.0",
        "proxy-from-env": "^1.1.0"
      }
    },
    "node_modules/camelcase": {
      "version": "6.3.0",
      "resolved": "https://registry.npmjs.org/camelcase/-/camelcase-6.3.0.tgz",
      "integrity": "sha512-Gmy6FhYlCY7uOElZUSbxo2UCDH8owEk996gkbrpsgGtrJLM3J7jGxl9Ic7Qwwj4ivOE5AWZWRMecDdF7hqGjFA==",
      "engines": {
        "node": ">=10"
      },
      "funding": {
        "url": "https://github.com/sponsors/sindresorhus"
      }
    },
    "node_modules/chalk": {
      "version": "2.4.2",
      "resolved": "https://registry.npmjs.org/chalk/-/chalk-2.4.2.tgz",
      "integrity": "sha512-Mti+f9lpJNcwF4tWV8/OrTTtF1gZi+f8FqlyAdouralcFWFQWF2+NgCHShjkCb+IFBLq9buZwE1xckQU4peSuQ==",
      "dependencies": {
        "ansi-styles": "^3.2.1",
        "escape-string-regexp": "^1.0.5",
        "supports-color": "^5.3.0"
      },
      "engines": {
        "node": ">=4"
      }
    },
    "node_modules/color-convert": {
      "version": "1.9.3",
      "resolved": "https://registry.npmjs.org/color-convert/-/color-convert-1.9.3.tgz",
      "integrity": "sha512-QfAUtd+vFdAtFQcC8CCyYt1fYWxSqAiK2cSD6zDB8N3cpsEBAvRxp9zOGg6G/SHHJYAT88/az/IuDGALsNVbGg==",
      "dependencies": {
        "color-name": "1.1.3"
      }
    },
    "node_modules/color-name": {
      "version": "1.1.3",
      "resolved": "https://registry.npmjs.org/color-name/-/color-name-1.1.3.tgz",
      "integrity": "sha512-72fSenhMw2HZMTVHeCA9KCmpEIbzWiQsjN+BHcBbS9vr1mtt+vJjPdksIBNUmKAW8TFUDPJK5SUU3QhE9NEXDw=="
    },
    "node_modules/colors": {
      "version": "1.4.0",
      "resolved": "https://registry.npmjs.org/colors/-/colors-1.4.0.tgz",
      "integrity": "sha512-a+UqTh4kgZg/SlGvfbzDHpgRu7AAQOmmqRHJnxhRZICKFUT91brVhNNt58CMWU9PsBbv3PDCZUHbVxuDiH2mtA==",
      "engines": {
        "node": ">=0.1.90"
      }
    },
    "node_modules/combined-stream": {
      "version": "1.0.8",
      "resolved": "https://registry.npmjs.org/combined-stream/-/combined-stream-1.0.8.tgz",
      "integrity": "sha512-FQN4MRfuJeHf7cBbBMJFXhKSDq+2kAArBlmRBvcvFE5BB1HZKXtSFASDhdlz9zOYwxh8lDdnvmMOe/+5cdoEdg==",
      "dependencies": {
        "delayed-stream": "~1.0.0"
      },
      "engines": {
        "node": ">= 0.8"
      }
    },
    "node_modules/commander": {
      "version": "9.5.0",
      "resolved": "https://registry.npmjs.org/commander/-/commander-9.5.0.tgz",
      "integrity": "sha512-KRs7WVDKg86PWiuAqhDrAQnTXZKraVcCc6vFdL14qrZ/DcWwuRo7VoiYXalXO7S5GKpqYiVEwCbgFDfxNHKJBQ==",
      "engines": {
        "node": "^12.20.0 || >=14"
      }
    },
    "node_modules/dayjs": {
      "version": "1.11.10",
      "resolved": "https://registry.npmjs.org/dayjs/-/dayjs-1.11.10.tgz",
      "integrity": "sha512-vjAczensTgRcqDERK0SR2XMwsF/tSvnvlv6VcF2GIhg6Sx4yOIt/irsr1RDJsKiIyBzJDpCoXiWWq28MqH2cnQ=="
    },
    "node_modules/debug": {
      "version": "4.3.4",
      "resolved": "https://registry.npmjs.org/debug/-/debug-4.3.4.tgz",
      "integrity": "sha512-PRWFHuSU3eDtQJPvnNY7Jcket1j0t5OuOsFzPPzsekD52Zl8qUfFIPEiswXqIvHWGVHOgX+7G/vCNNhehwxfkQ==",
      "dependencies": {
        "ms": "2.1.2"
      },
      "engines": {
        "node": ">=6.0"
      },
      "peerDependenciesMeta": {
        "supports-color": {
          "optional": true
        }
      }
    },
    "node_modules/delayed-stream": {
      "version": "1.0.0",
      "resolved": "https://registry.npmjs.org/delayed-stream/-/delayed-stream-1.0.0.tgz",
      "integrity": "sha512-ZySD7Nf91aLB0RxL4KGrKHBXl7Eds1DAmEdcoVawXnLD7SDhpNgtuII2aAkg7a7QS41jxPSZ17p4VdGnMHk3MQ==",
      "engines": {
        "node": ">=0.4.0"
      }
    },
    "node_modules/drange": {
      "version": "1.1.1",
      "resolved": "https://registry.npmjs.org/drange/-/drange-1.1.1.tgz",
      "integrity": "sha512-pYxfDYpued//QpnLIm4Avk7rsNtAtQkUES2cwAYSvD/wd2pKD71gN2Ebj3e7klzXwjocvE8c5vx/1fxwpqmSxA==",
      "engines": {
        "node": ">=4"
      }
    },
    "node_modules/escape-string-regexp": {
      "version": "1.0.5",
      "resolved": "https://registry.npmjs.org/escape-string-regexp/-/escape-string-regexp-1.0.5.tgz",
      "integrity": "sha512-vbRorB5FUQWvla16U8R/qgaFIya2qGzwDrNmCZuYKrbdSUMG6I1ZCGQRefkRVhuOkIGVne7BQ35DSfo1qvJqFg==",
      "engines": {
        "node": ">=0.8.0"
      }
    },
    "node_modules/fast-deep-equal": {
      "version": "3.1.3",
      "resolved": "https://registry.npmjs.org/fast-deep-equal/-/fast-deep-equal-3.1.3.tgz",
      "integrity": "sha512-f3qQ9oQy9j2AhBe/H9VC91wLmKBCCU/gDOnKNAYG5hswO7BLKj09Hc5HYNz9cGI++xlpDCIgDaitVs03ATR84Q=="
    },
    "node_modules/follow-redirects": {
      "version": "1.15.6",
      "resolved": "https://registry.npmjs.org/follow-redirects/-/follow-redirects-1.15.6.tgz",
      "integrity": "sha512-wWN62YITEaOpSK584EZXJafH1AGpO8RVgElfkuXbTOrPX4fIfOyEpW/CsiNd8JdYrAoOvafRTOEnvsO++qCqFA==",
      "funding": [
        {
          "type": "individual",
          "url": "https://github.com/sponsors/RubenVerborgh"
        }
      ],
      "engines": {
        "node": ">=4.0"
      },
      "peerDependenciesMeta": {
        "debug": {
          "optional": true
        }
      }
    },
    "node_modules/form-data": {
      "version": "4.0.0",
      "resolved": "https://registry.npmjs.org/form-data/-/form-data-4.0.0.tgz",
      "integrity": "sha512-ETEklSGi5t0QMZuiXoA/Q6vcnxcLQP5vdugSpuAyi6SVGi2clPPp+xgEhuMaHC+zGgn31Kd235W35f7Hykkaww==",
      "dependencies": {
        "asynckit": "^0.4.0",
        "combined-stream": "^1.0.8",
        "mime-types": "^2.1.12"
      },
      "engines": {
        "node": ">= 6"
      }
    },
    "node_modules/get-value": {
      "version": "3.0.1",
      "resolved": "https://registry.npmjs.org/get-value/-/get-value-3.0.1.tgz",
      "integrity": "sha512-mKZj9JLQrwMBtj5wxi6MH8Z5eSKaERpAwjg43dPtlGI1ZVEgH/qC7T8/6R2OBSUA+zzHBZgICsVJaEIV2tKTDA==",
      "dependencies": {
        "isobject": "^3.0.1"
      },
      "engines": {
        "node": ">=6.0"
      }
    },
    "node_modules/has-flag": {
      "version": "3.0.0",
      "resolved": "https://registry.npmjs.org/has-flag/-/has-flag-3.0.0.tgz",
      "integrity": "sha512-sKJf1+ceQBr4SMkvQnBDNDtf4TXpVhVGateu0t918bl30FnbE2m4vNLX+VWe/dpjlb+HugGYzW7uQXH98HPEYw==",
      "engines": {
        "node": ">=4"
      }
    },
    "node_modules/isobject": {
      "version": "3.0.1",
      "resolved": "https://registry.npmjs.org/isobject/-/isobject-3.0.1.tgz",
      "integrity": "sha512-WhB9zCku7EGTj/HQQRz5aUQEUeoQZH2bWcltRErOpymJ4boYE6wL9Tbr23krRPSZ+C5zqNSrSw+Cc7sZZ4b7vg==",
      "engines": {
        "node": ">=0.10.0"
      }
    },
    "node_modules/json-colorizer": {
      "version": "2.2.2",
      "resolved": "https://registry.npmjs.org/json-colorizer/-/json-colorizer-2.2.2.tgz",
      "integrity": "sha512-56oZtwV1piXrQnRNTtJeqRv+B9Y/dXAYLqBBaYl/COcUdoZxgLBLAO88+CnkbT6MxNs0c5E9mPBIb2sFcNz3vw==",
      "dependencies": {
        "chalk": "^2.4.1",
        "lodash.get": "^4.4.2"
      }
    },
    "node_modules/json-schema-migrate": {
      "version": "2.0.0",
      "resolved": "https://registry.npmjs.org/json-schema-migrate/-/json-schema-migrate-2.0.0.tgz",
      "integrity": "sha512-r38SVTtojDRp4eD6WsCqiE0eNDt4v1WalBXb9cyZYw9ai5cGtBwzRNWjHzJl38w6TxFkXAIA7h+fyX3tnrAFhQ==",
      "dependencies": {
        "ajv": "^8.0.0"
      }
    },
    "node_modules/json-schema-traverse": {
      "version": "1.0.0",
      "resolved": "https://registry.npmjs.org/json-schema-traverse/-/json-schema-traverse-1.0.0.tgz",
      "integrity": "sha512-NM8/P9n3XjXhIZn1lLhkFaACTOURQXjWhV4BA/RnOv8xvgqtqpAX9IO4mRQxSx1Rlo4tqzeqb0sOlruaOy3dug=="
    },
    "node_modules/lodash.get": {
      "version": "4.4.2",
      "resolved": "https://registry.npmjs.org/lodash.get/-/lodash.get-4.4.2.tgz",
      "integrity": "sha512-z+Uw/vLuy6gQe8cfaFWD7p0wVv8fJl3mbzXh33RS+0oW2wvUqiRXiQ69gLWSLpgB5/6sU+r6BlQR0MBILadqTQ=="
    },
    "node_modules/lorem-ipsum": {
      "version": "2.0.8",
      "resolved": "https://registry.npmjs.org/lorem-ipsum/-/lorem-ipsum-2.0.8.tgz",
      "integrity": "sha512-5RIwHuCb979RASgCJH0VKERn9cQo/+NcAi2BMe9ddj+gp7hujl6BI+qdOG4nVsLDpwWEJwTVYXNKP6BGgbcoGA==",
      "dependencies": {
        "commander": "^9.3.0"
      },
      "bin": {
        "lorem-ipsum": "dist/bin/lorem-ipsum.bin.js"
      },
      "engines": {
        "node": ">= 8.x",
        "npm": ">= 5.x"
      }
    },
    "node_modules/lru-cache": {
      "version": "6.0.0",
      "resolved": "https://registry.npmjs.org/lru-cache/-/lru-cache-6.0.0.tgz",
      "integrity": "sha512-Jo6dJ04CmSjuznwJSS3pUeWmd/H0ffTlkXXgwZi+eq1UCmqQwCh+eLsYOYCwY991i2Fah4h1BEMCx4qThGbsiA==",
      "dependencies": {
        "yallist": "^4.0.0"
      },
      "engines": {
        "node": ">=10"
      }
    },
    "node_modules/mime-db": {
      "version": "1.52.0",
      "resolved": "https://registry.npmjs.org/mime-db/-/mime-db-1.52.0.tgz",
      "integrity": "sha512-sPU4uV7dYlvtWJxwwxHD0PuihVNiE7TyAbQ5SWxDCB9mUYvOgroQOwYQQOKPJ8CIbE+1ETVlOoK1UC2nU3gYvg==",
      "engines": {
        "node": ">= 0.6"
      }
    },
    "node_modules/mime-types": {
      "version": "2.1.35",
      "resolved": "https://registry.npmjs.org/mime-types/-/mime-types-2.1.35.tgz",
      "integrity": "sha512-ZDY+bPm5zTTF+YpCrAU9nK0UgICYPT0QtT1NZWFv4s++TNkcgVaT0g6+4R2uI4MjQjzysHB1zxuWL50hzaeXiw==",
      "dependencies": {
        "mime-db": "1.52.0"
      },
      "engines": {
        "node": ">= 0.6"
      }
    },
    "node_modules/ms": {
      "version": "2.1.2",
      "resolved": "https://registry.npmjs.org/ms/-/ms-2.1.2.tgz",
      "integrity": "sha512-sGkPx+VjMtmA6MX27oA4FBFELFCZZ4S4XqeGOXCv68tT+jb3vk/RyaKWP0PTKyWtmLSM0b+adUTEvbs1PEaH2w=="
    },
    "node_modules/path-browserify": {
      "version": "1.0.1",
      "resolved": "https://registry.npmjs.org/path-browserify/-/path-browserify-1.0.1.tgz",
      "integrity": "sha512-b7uo2UCUOYZcnF/3ID0lulOJi/bafxa1xPe7ZPsammBSpjSWQkjNxlt635YGS2MiR9GjvuXCtz2emr3jbsz98g=="
    },
    "node_modules/pluralize": {
      "version": "8.0.0",
      "resolved": "https://registry.npmjs.org/pluralize/-/pluralize-8.0.0.tgz",
      "integrity": "sha512-Nc3IT5yHzflTfbjgqWcCPpo7DaKy4FnpB0l/zCAW0Tc7jxAiuqSxHasntB3D7887LSrA93kDJ9IXovxJYxyLCA==",
      "engines": {
        "node": ">=4"
      }
    },
    "node_modules/proxy-from-env": {
      "version": "1.1.0",
      "resolved": "https://registry.npmjs.org/proxy-from-env/-/proxy-from-env-1.1.0.tgz",
      "integrity": "sha512-D+zkORCbA9f1tdWRK0RaCR3GPv50cMxcrz4X8k5LTSUD1Dkw47mKJEZQNunItRTkWwgtaUSo1RVFRIG9ZXiFYg=="
    },
    "node_modules/punycode": {
      "version": "2.3.1",
      "resolved": "https://registry.npmjs.org/punycode/-/punycode-2.3.1.tgz",
      "integrity": "sha512-vYt7UD1U9Wg6138shLtLOvdAu+8DsC/ilFtEVHcH+wydcSpNE20AfSOduf6MkRFahL5FY7X1oU7nKVZFtfq8Fg==",
      "engines": {
        "node": ">=6"
      }
    },
    "node_modules/randexp": {
      "version": "0.5.3",
      "resolved": "https://registry.npmjs.org/randexp/-/randexp-0.5.3.tgz",
      "integrity": "sha512-U+5l2KrcMNOUPYvazA3h5ekF80FHTUG+87SEAmHZmolh1M+i/WyTCxVzmi+tidIa1tM4BSe8g2Y/D3loWDjj+w==",
      "dependencies": {
        "drange": "^1.0.2",
        "ret": "^0.2.0"
      },
      "engines": {
        "node": ">=4"
      }
    },
    "node_modules/require-from-string": {
      "version": "2.0.2",
      "resolved": "https://registry.npmjs.org/require-from-string/-/require-from-string-2.0.2.tgz",
      "integrity": "sha512-Xf0nWe6RseziFMu+Ap9biiUbmplq6S9/p+7w7YXP/JBHhrUDDUhwa+vANyubuqfZWTveU//DYVGsDG7RKL/vEw==",
      "engines": {
        "node": ">=0.10.0"
      }
    },
    "node_modules/ret": {
      "version": "0.2.2",
      "resolved": "https://registry.npmjs.org/ret/-/ret-0.2.2.tgz",
      "integrity": "sha512-M0b3YWQs7R3Z917WRQy1HHA7Ba7D8hvZg6UE5mLykJxQVE2ju0IXbGlaHPPlkY+WN7wFP+wUMXmBFA0aV6vYGQ==",
      "engines": {
        "node": ">=4"
      }
    },
    "node_modules/semver": {
      "version": "7.5.4",
      "resolved": "https://registry.npmjs.org/semver/-/semver-7.5.4.tgz",
      "integrity": "sha512-1bCSESV6Pv+i21Hvpxp3Dx+pSD8lIPt8uVjRrxAUt/nbswYc+tK6Y2btiULjd4+fnq15PX+nqQDC7Oft7WkwcA==",
      "dependencies": {
        "lru-cache": "^6.0.0"
      },
      "bin": {
        "semver": "bin/semver.js"
      },
      "engines": {
        "node": ">=10"
      }
    },
    "node_modules/slash": {
      "version": "3.0.0",
      "resolved": "https://registry.npmjs.org/slash/-/slash-3.0.0.tgz",
      "integrity": "sha512-g9Q1haeby36OSStwb4ntCGGGaKsaVSjQ68fBxoQcutl5fS1vuY18H3wSt3jFyFtrkx+Kz0V1G85A4MyAdDMi2Q==",
      "engines": {
        "node": ">=8"
      }
    },
    "node_modules/supports-color": {
      "version": "5.5.0",
      "resolved": "https://registry.npmjs.org/supports-color/-/supports-color-5.5.0.tgz",
      "integrity": "sha512-QjVjwdXIt408MIiAqCX4oUKsgU2EqAGzs2Ppkm4aQYbjm+ZEWEcW4SfFNTr4uMNZma0ey4f5lgLrkB0aX0QMow==",
      "dependencies": {
        "has-flag": "^3.0.0"
      },
      "engines": {
        "node": ">=4"
      }
    },
    "node_modules/uri-js": {
      "version": "4.4.1",
      "resolved": "https://registry.npmjs.org/uri-js/-/uri-js-4.4.1.tgz",
      "integrity": "sha512-7rKUyy33Q1yc98pQ1DAmLtwX109F7TIfWlW1Ydo8Wl1ii1SeHieeh0HHfPeL2fMXK6z0s8ecKs9frCuLJvndBg==",
      "dependencies": {
        "punycode": "^2.1.0"
      }
    },
    "node_modules/urijs": {
      "version": "1.19.11",
      "resolved": "https://registry.npmjs.org/urijs/-/urijs-1.19.11.tgz",
      "integrity": "sha512-HXgFDgDommxn5/bIv0cnQZsPhHDA90NPHD6+c/v21U5+Sx5hoP8+dP9IZXBU1gIfvdRfhG8cel9QNPeionfcCQ=="
    },
    "node_modules/uuid": {
      "version": "9.0.1",
      "resolved": "https://registry.npmjs.org/uuid/-/uuid-9.0.1.tgz",
      "integrity": "sha512-b+1eJOlsR9K8HJpow9Ok3fiWOWSIcIzXodvv0rQjVoOVNpWMpxf1wZNpt4y9h10odCNrqnYp1OBzRktckBe3sA==",
      "funding": [
        "https://github.com/sponsors/broofa",
        "https://github.com/sponsors/ctavan"
      ],
      "bin": {
        "uuid": "dist/bin/uuid"
      }
    },
    "node_modules/yallist": {
      "version": "4.0.0",
      "resolved": "https://registry.npmjs.org/yallist/-/yallist-4.0.0.tgz",
      "integrity": "sha512-3wdGidZyq5PB084XLES5TpOSRA3wjXAlIWMhum2kRcv/41Sn2emQ0dycQW4uZXLejwKvg6EsvbdlVL+FYEct7A=="
    },
    "node_modules/yaml": {
      "version": "2.2.2",
      "resolved": "https://registry.npmjs.org/yaml/-/yaml-2.2.2.tgz",
      "integrity": "sha512-CBKFWExMn46Foo4cldiChEzn7S7SRV+wqiluAb6xmueD/fGyRHIhX8m14vVGgeFWjN540nKCNVj6P21eQjgTuA==",
      "engines": {
        "node": ">= 14"
      }
    }
  }
}
